
Microsoft Visual Studio Solution File, Format Version 12.00
# Visual Studio 15
VisualStudioVersion = 15.0.28307.271
MinimumVisualStudioVersion = 10.0.40219.1
Project("{8BC9CEB8-8B4A-11D0-8D11-00A0C91BC942}") = "CodingInterview", "CodingInterview\CodingInterview.vcxproj", "{0A4B454D-2246-4F72-AAE3-F4E35268267C}"
EndProject
Project("{8BC9CEB8-8B4A-11D0-8D11-00A0C91BC942}") = "Algorithm1", "Algorithm1\Algorithm1.vcxproj", "{1F9CEA4E-5B52-4ED4-84B1-3086D19E51C5}"
EndProject
Project("{8BC9CEB8-8B4A-11D0-8D11-00A0C91BC942}") = "Algorithm2", "Algorithm2\Algorithm2.vcxproj", "{DF692C29-567C-4F6B-89A5-B583DF583AB5}"
EndProject
Project("{8BC9CEB8-8B4A-11D0-8D11-00A0C91BC942}") = "Algorithm3", "Algorithm3\Algorithm3.vcxproj", "{A4D6522F-7166-4F74-BBA0-8D29F7BD4819}"
EndProject
Project("{8BC9CEB8-8B4A-11D0-8D11-00A0C91BC942}") = "Algorithm4", "Algorithm4\Algorithm4.vcxproj", "{B0A48F74-B87B-478C-B7C3-81018F668ECB}"
EndProject
Project("{8BC9CEB8-8B4A-11D0-8D11-00A0C91BC942}") = "Algorithm5", "Algorithm5\Algorithm5.vcxproj", "{87DC8C52-F336-4C91-910D-F833AB94B231}"
EndProject
Project("{8BC9CEB8-8B4A-11D0-8D11-00A0C91BC942}") = "Algorithm6", "Algorithm6\Algorithm6.vcxproj", "{72FB49E5-27DB-448D-A752-CA4E7C724C27}"
EndProject
Project("{8BC9CEB8-8B4A-11D0-8D11-00A0C91BC942}") = "Algorithm7", "Algorithm7\Algorithm7.vcxproj", "{688A0622-90FF-4B3B-B27B-D81CB0608239}"
EndProject
Project("{8BC9CEB8-8B4A-11D0-8D11-00A0C91BC942}") = "Algorithm8", "Algorithm8\Algorithm8.vcxproj", "{665113C6-F3A3-4053-9D11-7DA2F580D4AD}"
EndProject
Project("{8BC9CEB8-8B4A-11D0-8D11-00A0C91BC942}") = "Algorithm9", "Algorithm9\Algorithm9.vcxproj", "{86091C93-4F6D-42D3-82DB-AF696E5ABEBF}"
EndProject
Project("{8BC9CEB8-8B4A-11D0-8D11-00A0C91BC942}") = "Algorithm10", "Algorithm10\Algorithm10.vcxproj", "{B4CAEA96-32FB-40D7-BEE7-5B603C6644C5}"
EndProject
Project("{8BC9CEB8-8B4A-11D0-8D11-00A0C91BC942}") = "Algorithm11", "Algorithm11\Algorithm11.vcxproj", "{D1E84C15-C90B-493C-A537-5A638AA017BE}"
EndProject
Project("{8BC9CEB8-8B4A-11D0-8D11-00A0C91BC942}") = "Algorithm12", "Algorithm12\Algorithm12.vcxproj", "{62E7D88D-37B9-4203-BBE0-48352A888DDC}"
EndProject
Project("{8BC9CEB8-8B4A-11D0-8D11-00A0C91BC942}") = "Algorithm13", "Algorithm13\Algorithm13.vcxproj", "{7A469ED1-2ABC-4587-A64E-0516CD0D2812}"
EndProject
Project("{8BC9CEB8-8B4A-11D0-8D11-00A0C91BC942}") = "Algorithm14", "Algorithm14\Algorithm14.vcxproj", "{878E47F5-68D1-4E7F-B7A2-5C41661FE842}"
EndProject
Project("{8BC9CEB8-8B4A-11D0-8D11-00A0C91BC942}") = "Algorithm15", "Algorithm15\Algorithm15.vcxproj", "{B99858D2-0B12-4E6B-BE28-C065D9577E3E}"
EndProject
Project("{8BC9CEB8-8B4A-11D0-8D11-00A0C91BC942}") = "Algorithm16", "Algorithm16\Algorithm16.vcxproj", "{FF9295C7-98B0-4E96-809F-9F8F8979865A}"
EndProject
Project("{8BC9CEB8-8B4A-11D0-8D11-00A0C91BC942}") = "Algorithm17", "Algorithm17\Algorithm17.vcxproj", "{54C944D7-E5FD-4B84-B6EA-5CF29CDC7D80}"
EndProject
Project("{8BC9CEB8-8B4A-11D0-8D11-00A0C91BC942}") = "Algorithm18", "Algorithm18\Algorithm18.vcxproj", "{E117C9C2-2F85-4EB5-B7A3-FAB767E23BCB}"
EndProject
Project("{8BC9CEB8-8B4A-11D0-8D11-00A0C91BC942}") = "Algorithm18_2", "Algorithm18_2\Algorithm18_2.vcxproj", "{3079B1CB-1D11-4652-AA55-201543F83780}"
EndProject
Project("{8BC9CEB8-8B4A-11D0-8D11-00A0C91BC942}") = "Algorithm19", "Algorithm19\Algorithm19.vcxproj", "{326DD923-63D9-4639-A629-B9E314D4C69F}"
EndProject
Project("{8BC9CEB8-8B4A-11D0-8D11-00A0C91BC942}") = "Algorithm20", "Algorithm20\Algorithm20.vcxproj", "{7D05972A-281E-47E2-BAD0-7B41B1C3BB4B}"
EndProject
Project("{8BC9CEB8-8B4A-11D0-8D11-00A0C91BC942}") = "Algorithm21", "Algorithm21\Algorithm21.vcxproj", "{E98C137F-BBCC-47A8-BEE7-EFE3D11334C1}"
EndProject
Project("{8BC9CEB8-8B4A-11D0-8D11-00A0C91BC942}") = "Algorithm22", "Algorithm22\Algorithm22.vcxproj", "{D32E0E06-FD84-4211-B0AB-E877DD648F5E}"
EndProject
Project("{8BC9CEB8-8B4A-11D0-8D11-00A0C91BC942}") = "Algorithm23", "Algorithm23\Algorithm23.vcxproj", "{68297F68-7A56-49BA-90F1-507EF2BF3ACF}"
EndProject
Project("{8BC9CEB8-8B4A-11D0-8D11-00A0C91BC942}") = "Algorithm24", "Algorithm24\Algorithm24.vcxproj", "{684931CB-DA27-4730-800F-0CB69EC78E1E}"
EndProject
Project("{8BC9CEB8-8B4A-11D0-8D11-00A0C91BC942}") = "Algorithm25", "Algorithm25\Algorithm25.vcxproj", "{50BF3DC8-55FD-4FBE-903D-350B00FDA7E9}"
EndProject
Project("{8BC9CEB8-8B4A-11D0-8D11-00A0C91BC942}") = "Algorithm26", "Algorithm26\Algorithm26.vcxproj", "{2D46596E-4886-4F13-8254-09DA15E5F878}"
EndProject
Project("{8BC9CEB8-8B4A-11D0-8D11-00A0C91BC942}") = "Algorithm27", "Algorithm27\Algorithm27.vcxproj", "{8053953E-DD65-4F9D-8891-AE193C337C5F}"
EndProject
Project("{8BC9CEB8-8B4A-11D0-8D11-00A0C91BC942}") = "Algorithm28", "Algorithm28\Algorithm28.vcxproj", "{05281445-567F-44CF-9D70-3F86FE7A539B}"
EndProject
Project("{8BC9CEB8-8B4A-11D0-8D11-00A0C91BC942}") = "Algorithm29", "Algorithm29\Algorithm29.vcxproj", "{70831303-67DB-4BE3-81A4-E700B85FBD02}"
EndProject
Project("{8BC9CEB8-8B4A-11D0-8D11-00A0C91BC942}") = "Algorithm30", "Algorithm30\Algorithm30.vcxproj", "{65A8813C-27C8-4CC9-85D4-8B39166EC6A9}"
EndProject
Project("{8BC9CEB8-8B4A-11D0-8D11-00A0C91BC942}") = "Algorithm31", "Algorithm31\Algorithm31.vcxproj", "{FA82A3D7-3FE2-41C4-9408-CA5DB31CC5B3}"
EndProject
Project("{8BC9CEB8-8B4A-11D0-8D11-00A0C91BC942}") = "Algorithm32_01", "Algorithm32_01\Algorithm32_01.vcxproj", "{08DF6E1C-7728-4DCF-A6AA-7E0DAD50DE44}"
EndProject
Project("{8BC9CEB8-8B4A-11D0-8D11-00A0C91BC942}") = "Algorithm32_02", "Algorithm32_02\Algorithm32_02.vcxproj", "{D102D8EA-F252-439C-963C-C25F9FE51165}"
EndProject
Project("{8BC9CEB8-8B4A-11D0-8D11-00A0C91BC942}") = "Algorithm32_03", "Algorithm32_03\Algorithm32_03.vcxproj", "{04E3435B-BBF5-4566-872B-8AED69B703BC}"
EndProject
Project("{8BC9CEB8-8B4A-11D0-8D11-00A0C91BC942}") = "Algorithm33", "Algorithm33\Algorithm33.vcxproj", "{CE1CCC4C-9DEC-4F3F-B96B-8D8D45CE8432}"
EndProject
Global
	GlobalSection(SolutionConfigurationPlatforms) = preSolution
		Debug|x64 = Debug|x64
		Debug|x86 = Debug|x86
		Release|x64 = Release|x64
		Release|x86 = Release|x86
	EndGlobalSection
	GlobalSection(ProjectConfigurationPlatforms) = postSolution
		{0A4B454D-2246-4F72-AAE3-F4E35268267C}.Debug|x64.ActiveCfg = Debug|x64
		{0A4B454D-2246-4F72-AAE3-F4E35268267C}.Debug|x64.Build.0 = Debug|x64
		{0A4B454D-2246-4F72-AAE3-F4E35268267C}.Debug|x86.ActiveCfg = Debug|Win32
		{0A4B454D-2246-4F72-AAE3-F4E35268267C}.Debug|x86.Build.0 = Debug|Win32
		{0A4B454D-2246-4F72-AAE3-F4E35268267C}.Release|x64.ActiveCfg = Release|x64
		{0A4B454D-2246-4F72-AAE3-F4E35268267C}.Release|x64.Build.0 = Release|x64
		{0A4B454D-2246-4F72-AAE3-F4E35268267C}.Release|x86.ActiveCfg = Release|Win32
		{0A4B454D-2246-4F72-AAE3-F4E35268267C}.Release|x86.Build.0 = Release|Win32
		{1F9CEA4E-5B52-4ED4-84B1-3086D19E51C5}.Debug|x64.ActiveCfg = Debug|x64
		{1F9CEA4E-5B52-4ED4-84B1-3086D19E51C5}.Debug|x64.Build.0 = Debug|x64
		{1F9CEA4E-5B52-4ED4-84B1-3086D19E51C5}.Debug|x86.ActiveCfg = Debug|Win32
		{1F9CEA4E-5B52-4ED4-84B1-3086D19E51C5}.Debug|x86.Build.0 = Debug|Win32
		{1F9CEA4E-5B52-4ED4-84B1-3086D19E51C5}.Release|x64.ActiveCfg = Release|x64
		{1F9CEA4E-5B52-4ED4-84B1-3086D19E51C5}.Release|x64.Build.0 = Release|x64
		{1F9CEA4E-5B52-4ED4-84B1-3086D19E51C5}.Release|x86.ActiveCfg = Release|Win32
		{1F9CEA4E-5B52-4ED4-84B1-3086D19E51C5}.Release|x86.Build.0 = Release|Win32
		{DF692C29-567C-4F6B-89A5-B583DF583AB5}.Debug|x64.ActiveCfg = Debug|x64
		{DF692C29-567C-4F6B-89A5-B583DF583AB5}.Debug|x64.Build.0 = Debug|x64
		{DF692C29-567C-4F6B-89A5-B583DF583AB5}.Debug|x86.ActiveCfg = Debug|Win32
		{DF692C29-567C-4F6B-89A5-B583DF583AB5}.Debug|x86.Build.0 = Debug|Win32
		{DF692C29-567C-4F6B-89A5-B583DF583AB5}.Release|x64.ActiveCfg = Release|x64
		{DF692C29-567C-4F6B-89A5-B583DF583AB5}.Release|x64.Build.0 = Release|x64
		{DF692C29-567C-4F6B-89A5-B583DF583AB5}.Release|x86.ActiveCfg = Release|Win32
		{DF692C29-567C-4F6B-89A5-B583DF583AB5}.Release|x86.Build.0 = Release|Win32
		{A4D6522F-7166-4F74-BBA0-8D29F7BD4819}.Debug|x64.ActiveCfg = Debug|x64
		{A4D6522F-7166-4F74-BBA0-8D29F7BD4819}.Debug|x64.Build.0 = Debug|x64
		{A4D6522F-7166-4F74-BBA0-8D29F7BD4819}.Debug|x86.ActiveCfg = Debug|Win32
		{A4D6522F-7166-4F74-BBA0-8D29F7BD4819}.Debug|x86.Build.0 = Debug|Win32
		{A4D6522F-7166-4F74-BBA0-8D29F7BD4819}.Release|x64.ActiveCfg = Release|x64
		{A4D6522F-7166-4F74-BBA0-8D29F7BD4819}.Release|x64.Build.0 = Release|x64
		{A4D6522F-7166-4F74-BBA0-8D29F7BD4819}.Release|x86.ActiveCfg = Release|Win32
		{A4D6522F-7166-4F74-BBA0-8D29F7BD4819}.Release|x86.Build.0 = Release|Win32
		{B0A48F74-B87B-478C-B7C3-81018F668ECB}.Debug|x64.ActiveCfg = Debug|x64
		{B0A48F74-B87B-478C-B7C3-81018F668ECB}.Debug|x64.Build.0 = Debug|x64
		{B0A48F74-B87B-478C-B7C3-81018F668ECB}.Debug|x86.ActiveCfg = Debug|Win32
		{B0A48F74-B87B-478C-B7C3-81018F668ECB}.Debug|x86.Build.0 = Debug|Win32
		{B0A48F74-B87B-478C-B7C3-81018F668ECB}.Release|x64.ActiveCfg = Release|x64
		{B0A48F74-B87B-478C-B7C3-81018F668ECB}.Release|x64.Build.0 = Release|x64
		{B0A48F74-B87B-478C-B7C3-81018F668ECB}.Release|x86.ActiveCfg = Release|Win32
		{B0A48F74-B87B-478C-B7C3-81018F668ECB}.Release|x86.Build.0 = Release|Win32
		{87DC8C52-F336-4C91-910D-F833AB94B231}.Debug|x64.ActiveCfg = Debug|x64
		{87DC8C52-F336-4C91-910D-F833AB94B231}.Debug|x64.Build.0 = Debug|x64
		{87DC8C52-F336-4C91-910D-F833AB94B231}.Debug|x86.ActiveCfg = Debug|Win32
		{87DC8C52-F336-4C91-910D-F833AB94B231}.Debug|x86.Build.0 = Debug|Win32
		{87DC8C52-F336-4C91-910D-F833AB94B231}.Release|x64.ActiveCfg = Release|x64
		{87DC8C52-F336-4C91-910D-F833AB94B231}.Release|x64.Build.0 = Release|x64
		{87DC8C52-F336-4C91-910D-F833AB94B231}.Release|x86.ActiveCfg = Release|Win32
		{87DC8C52-F336-4C91-910D-F833AB94B231}.Release|x86.Build.0 = Release|Win32
		{72FB49E5-27DB-448D-A752-CA4E7C724C27}.Debug|x64.ActiveCfg = Debug|x64
		{72FB49E5-27DB-448D-A752-CA4E7C724C27}.Debug|x64.Build.0 = Debug|x64
		{72FB49E5-27DB-448D-A752-CA4E7C724C27}.Debug|x86.ActiveCfg = Debug|Win32
		{72FB49E5-27DB-448D-A752-CA4E7C724C27}.Debug|x86.Build.0 = Debug|Win32
		{72FB49E5-27DB-448D-A752-CA4E7C724C27}.Release|x64.ActiveCfg = Release|x64
		{72FB49E5-27DB-448D-A752-CA4E7C724C27}.Release|x64.Build.0 = Release|x64
		{72FB49E5-27DB-448D-A752-CA4E7C724C27}.Release|x86.ActiveCfg = Release|Win32
		{72FB49E5-27DB-448D-A752-CA4E7C724C27}.Release|x86.Build.0 = Release|Win32
		{688A0622-90FF-4B3B-B27B-D81CB0608239}.Debug|x64.ActiveCfg = Debug|x64
		{688A0622-90FF-4B3B-B27B-D81CB0608239}.Debug|x64.Build.0 = Debug|x64
		{688A0622-90FF-4B3B-B27B-D81CB0608239}.Debug|x86.ActiveCfg = Debug|Win32
		{688A0622-90FF-4B3B-B27B-D81CB0608239}.Debug|x86.Build.0 = Debug|Win32
		{688A0622-90FF-4B3B-B27B-D81CB0608239}.Release|x64.ActiveCfg = Release|x64
		{688A0622-90FF-4B3B-B27B-D81CB0608239}.Release|x64.Build.0 = Release|x64
		{688A0622-90FF-4B3B-B27B-D81CB0608239}.Release|x86.ActiveCfg = Release|Win32
		{688A0622-90FF-4B3B-B27B-D81CB0608239}.Release|x86.Build.0 = Release|Win32
		{665113C6-F3A3-4053-9D11-7DA2F580D4AD}.Debug|x64.ActiveCfg = Debug|x64
		{665113C6-F3A3-4053-9D11-7DA2F580D4AD}.Debug|x64.Build.0 = Debug|x64
		{665113C6-F3A3-4053-9D11-7DA2F580D4AD}.Debug|x86.ActiveCfg = Debug|Win32
		{665113C6-F3A3-4053-9D11-7DA2F580D4AD}.Debug|x86.Build.0 = Debug|Win32
		{665113C6-F3A3-4053-9D11-7DA2F580D4AD}.Release|x64.ActiveCfg = Release|x64
		{665113C6-F3A3-4053-9D11-7DA2F580D4AD}.Release|x64.Build.0 = Release|x64
		{665113C6-F3A3-4053-9D11-7DA2F580D4AD}.Release|x86.ActiveCfg = Release|Win32
		{665113C6-F3A3-4053-9D11-7DA2F580D4AD}.Release|x86.Build.0 = Release|Win32
		{86091C93-4F6D-42D3-82DB-AF696E5ABEBF}.Debug|x64.ActiveCfg = Debug|x64
		{86091C93-4F6D-42D3-82DB-AF696E5ABEBF}.Debug|x64.Build.0 = Debug|x64
		{86091C93-4F6D-42D3-82DB-AF696E5ABEBF}.Debug|x86.ActiveCfg = Debug|Win32
		{86091C93-4F6D-42D3-82DB-AF696E5ABEBF}.Debug|x86.Build.0 = Debug|Win32
		{86091C93-4F6D-42D3-82DB-AF696E5ABEBF}.Release|x64.ActiveCfg = Release|x64
		{86091C93-4F6D-42D3-82DB-AF696E5ABEBF}.Release|x64.Build.0 = Release|x64
		{86091C93-4F6D-42D3-82DB-AF696E5ABEBF}.Release|x86.ActiveCfg = Release|Win32
		{86091C93-4F6D-42D3-82DB-AF696E5ABEBF}.Release|x86.Build.0 = Release|Win32
		{B4CAEA96-32FB-40D7-BEE7-5B603C6644C5}.Debug|x64.ActiveCfg = Debug|x64
		{B4CAEA96-32FB-40D7-BEE7-5B603C6644C5}.Debug|x64.Build.0 = Debug|x64
		{B4CAEA96-32FB-40D7-BEE7-5B603C6644C5}.Debug|x86.ActiveCfg = Debug|Win32
		{B4CAEA96-32FB-40D7-BEE7-5B603C6644C5}.Debug|x86.Build.0 = Debug|Win32
		{B4CAEA96-32FB-40D7-BEE7-5B603C6644C5}.Release|x64.ActiveCfg = Release|x64
		{B4CAEA96-32FB-40D7-BEE7-5B603C6644C5}.Release|x64.Build.0 = Release|x64
		{B4CAEA96-32FB-40D7-BEE7-5B603C6644C5}.Release|x86.ActiveCfg = Release|Win32
		{B4CAEA96-32FB-40D7-BEE7-5B603C6644C5}.Release|x86.Build.0 = Release|Win32
		{D1E84C15-C90B-493C-A537-5A638AA017BE}.Debug|x64.ActiveCfg = Debug|x64
		{D1E84C15-C90B-493C-A537-5A638AA017BE}.Debug|x64.Build.0 = Debug|x64
		{D1E84C15-C90B-493C-A537-5A638AA017BE}.Debug|x86.ActiveCfg = Debug|Win32
		{D1E84C15-C90B-493C-A537-5A638AA017BE}.Debug|x86.Build.0 = Debug|Win32
		{D1E84C15-C90B-493C-A537-5A638AA017BE}.Release|x64.ActiveCfg = Release|x64
		{D1E84C15-C90B-493C-A537-5A638AA017BE}.Release|x64.Build.0 = Release|x64
		{D1E84C15-C90B-493C-A537-5A638AA017BE}.Release|x86.ActiveCfg = Release|Win32
		{D1E84C15-C90B-493C-A537-5A638AA017BE}.Release|x86.Build.0 = Release|Win32
		{62E7D88D-37B9-4203-BBE0-48352A888DDC}.Debug|x64.ActiveCfg = Debug|x64
		{62E7D88D-37B9-4203-BBE0-48352A888DDC}.Debug|x64.Build.0 = Debug|x64
		{62E7D88D-37B9-4203-BBE0-48352A888DDC}.Debug|x86.ActiveCfg = Debug|Win32
		{62E7D88D-37B9-4203-BBE0-48352A888DDC}.Debug|x86.Build.0 = Debug|Win32
		{62E7D88D-37B9-4203-BBE0-48352A888DDC}.Release|x64.ActiveCfg = Release|x64
		{62E7D88D-37B9-4203-BBE0-48352A888DDC}.Release|x64.Build.0 = Release|x64
		{62E7D88D-37B9-4203-BBE0-48352A888DDC}.Release|x86.ActiveCfg = Release|Win32
		{62E7D88D-37B9-4203-BBE0-48352A888DDC}.Release|x86.Build.0 = Release|Win32
		{7A469ED1-2ABC-4587-A64E-0516CD0D2812}.Debug|x64.ActiveCfg = Debug|x64
		{7A469ED1-2ABC-4587-A64E-0516CD0D2812}.Debug|x64.Build.0 = Debug|x64
		{7A469ED1-2ABC-4587-A64E-0516CD0D2812}.Debug|x86.ActiveCfg = Debug|Win32
		{7A469ED1-2ABC-4587-A64E-0516CD0D2812}.Debug|x86.Build.0 = Debug|Win32
		{7A469ED1-2ABC-4587-A64E-0516CD0D2812}.Release|x64.ActiveCfg = Release|x64
		{7A469ED1-2ABC-4587-A64E-0516CD0D2812}.Release|x64.Build.0 = Release|x64
		{7A469ED1-2ABC-4587-A64E-0516CD0D2812}.Release|x86.ActiveCfg = Release|Win32
		{7A469ED1-2ABC-4587-A64E-0516CD0D2812}.Release|x86.Build.0 = Release|Win32
		{878E47F5-68D1-4E7F-B7A2-5C41661FE842}.Debug|x64.ActiveCfg = Debug|x64
		{878E47F5-68D1-4E7F-B7A2-5C41661FE842}.Debug|x64.Build.0 = Debug|x64
		{878E47F5-68D1-4E7F-B7A2-5C41661FE842}.Debug|x86.ActiveCfg = Debug|Win32
		{878E47F5-68D1-4E7F-B7A2-5C41661FE842}.Debug|x86.Build.0 = Debug|Win32
		{878E47F5-68D1-4E7F-B7A2-5C41661FE842}.Release|x64.ActiveCfg = Release|x64
		{878E47F5-68D1-4E7F-B7A2-5C41661FE842}.Release|x64.Build.0 = Release|x64
		{878E47F5-68D1-4E7F-B7A2-5C41661FE842}.Release|x86.ActiveCfg = Release|Win32
		{878E47F5-68D1-4E7F-B7A2-5C41661FE842}.Release|x86.Build.0 = Release|Win32
		{B99858D2-0B12-4E6B-BE28-C065D9577E3E}.Debug|x64.ActiveCfg = Debug|x64
		{B99858D2-0B12-4E6B-BE28-C065D9577E3E}.Debug|x64.Build.0 = Debug|x64
		{B99858D2-0B12-4E6B-BE28-C065D9577E3E}.Debug|x86.ActiveCfg = Debug|Win32
		{B99858D2-0B12-4E6B-BE28-C065D9577E3E}.Debug|x86.Build.0 = Debug|Win32
		{B99858D2-0B12-4E6B-BE28-C065D9577E3E}.Release|x64.ActiveCfg = Release|x64
		{B99858D2-0B12-4E6B-BE28-C065D9577E3E}.Release|x64.Build.0 = Release|x64
		{B99858D2-0B12-4E6B-BE28-C065D9577E3E}.Release|x86.ActiveCfg = Release|Win32
		{B99858D2-0B12-4E6B-BE28-C065D9577E3E}.Release|x86.Build.0 = Release|Win32
		{FF9295C7-98B0-4E96-809F-9F8F8979865A}.Debug|x64.ActiveCfg = Debug|x64
		{FF9295C7-98B0-4E96-809F-9F8F8979865A}.Debug|x64.Build.0 = Debug|x64
		{FF9295C7-98B0-4E96-809F-9F8F8979865A}.Debug|x86.ActiveCfg = Debug|Win32
		{FF9295C7-98B0-4E96-809F-9F8F8979865A}.Debug|x86.Build.0 = Debug|Win32
		{FF9295C7-98B0-4E96-809F-9F8F8979865A}.Release|x64.ActiveCfg = Release|x64
		{FF9295C7-98B0-4E96-809F-9F8F8979865A}.Release|x64.Build.0 = Release|x64
		{FF9295C7-98B0-4E96-809F-9F8F8979865A}.Release|x86.ActiveCfg = Release|Win32
		{FF9295C7-98B0-4E96-809F-9F8F8979865A}.Release|x86.Build.0 = Release|Win32
		{54C944D7-E5FD-4B84-B6EA-5CF29CDC7D80}.Debug|x64.ActiveCfg = Debug|x64
		{54C944D7-E5FD-4B84-B6EA-5CF29CDC7D80}.Debug|x64.Build.0 = Debug|x64
		{54C944D7-E5FD-4B84-B6EA-5CF29CDC7D80}.Debug|x86.ActiveCfg = Debug|Win32
		{54C944D7-E5FD-4B84-B6EA-5CF29CDC7D80}.Debug|x86.Build.0 = Debug|Win32
		{54C944D7-E5FD-4B84-B6EA-5CF29CDC7D80}.Release|x64.ActiveCfg = Release|x64
		{54C944D7-E5FD-4B84-B6EA-5CF29CDC7D80}.Release|x64.Build.0 = Release|x64
		{54C944D7-E5FD-4B84-B6EA-5CF29CDC7D80}.Release|x86.ActiveCfg = Release|Win32
		{54C944D7-E5FD-4B84-B6EA-5CF29CDC7D80}.Release|x86.Build.0 = Release|Win32
		{E117C9C2-2F85-4EB5-B7A3-FAB767E23BCB}.Debug|x64.ActiveCfg = Debug|x64
		{E117C9C2-2F85-4EB5-B7A3-FAB767E23BCB}.Debug|x64.Build.0 = Debug|x64
		{E117C9C2-2F85-4EB5-B7A3-FAB767E23BCB}.Debug|x86.ActiveCfg = Debug|Win32
		{E117C9C2-2F85-4EB5-B7A3-FAB767E23BCB}.Debug|x86.Build.0 = Debug|Win32
		{E117C9C2-2F85-4EB5-B7A3-FAB767E23BCB}.Release|x64.ActiveCfg = Release|x64
		{E117C9C2-2F85-4EB5-B7A3-FAB767E23BCB}.Release|x64.Build.0 = Release|x64
		{E117C9C2-2F85-4EB5-B7A3-FAB767E23BCB}.Release|x86.ActiveCfg = Release|Win32
		{E117C9C2-2F85-4EB5-B7A3-FAB767E23BCB}.Release|x86.Build.0 = Release|Win32
		{3079B1CB-1D11-4652-AA55-201543F83780}.Debug|x64.ActiveCfg = Debug|x64
		{3079B1CB-1D11-4652-AA55-201543F83780}.Debug|x64.Build.0 = Debug|x64
		{3079B1CB-1D11-4652-AA55-201543F83780}.Debug|x86.ActiveCfg = Debug|Win32
		{3079B1CB-1D11-4652-AA55-201543F83780}.Debug|x86.Build.0 = Debug|Win32
		{3079B1CB-1D11-4652-AA55-201543F83780}.Release|x64.ActiveCfg = Release|x64
		{3079B1CB-1D11-4652-AA55-201543F83780}.Release|x64.Build.0 = Release|x64
		{3079B1CB-1D11-4652-AA55-201543F83780}.Release|x86.ActiveCfg = Release|Win32
		{3079B1CB-1D11-4652-AA55-201543F83780}.Release|x86.Build.0 = Release|Win32
		{326DD923-63D9-4639-A629-B9E314D4C69F}.Debug|x64.ActiveCfg = Debug|x64
		{326DD923-63D9-4639-A629-B9E314D4C69F}.Debug|x64.Build.0 = Debug|x64
		{326DD923-63D9-4639-A629-B9E314D4C69F}.Debug|x86.ActiveCfg = Debug|Win32
		{326DD923-63D9-4639-A629-B9E314D4C69F}.Debug|x86.Build.0 = Debug|Win32
		{326DD923-63D9-4639-A629-B9E314D4C69F}.Release|x64.ActiveCfg = Release|x64
		{326DD923-63D9-4639-A629-B9E314D4C69F}.Release|x64.Build.0 = Release|x64
		{326DD923-63D9-4639-A629-B9E314D4C69F}.Release|x86.ActiveCfg = Release|Win32
		{326DD923-63D9-4639-A629-B9E314D4C69F}.Release|x86.Build.0 = Release|Win32
		{7D05972A-281E-47E2-BAD0-7B41B1C3BB4B}.Debug|x64.ActiveCfg = Debug|x64
		{7D05972A-281E-47E2-BAD0-7B41B1C3BB4B}.Debug|x64.Build.0 = Debug|x64
		{7D05972A-281E-47E2-BAD0-7B41B1C3BB4B}.Debug|x86.ActiveCfg = Debug|Win32
		{7D05972A-281E-47E2-BAD0-7B41B1C3BB4B}.Debug|x86.Build.0 = Debug|Win32
		{7D05972A-281E-47E2-BAD0-7B41B1C3BB4B}.Release|x64.ActiveCfg = Release|x64
		{7D05972A-281E-47E2-BAD0-7B41B1C3BB4B}.Release|x64.Build.0 = Release|x64
		{7D05972A-281E-47E2-BAD0-7B41B1C3BB4B}.Release|x86.ActiveCfg = Release|Win32
		{7D05972A-281E-47E2-BAD0-7B41B1C3BB4B}.Release|x86.Build.0 = Release|Win32
		{E98C137F-BBCC-47A8-BEE7-EFE3D11334C1}.Debug|x64.ActiveCfg = Debug|x64
		{E98C137F-BBCC-47A8-BEE7-EFE3D11334C1}.Debug|x64.Build.0 = Debug|x64
		{E98C137F-BBCC-47A8-BEE7-EFE3D11334C1}.Debug|x86.ActiveCfg = Debug|Win32
		{E98C137F-BBCC-47A8-BEE7-EFE3D11334C1}.Debug|x86.Build.0 = Debug|Win32
		{E98C137F-BBCC-47A8-BEE7-EFE3D11334C1}.Release|x64.ActiveCfg = Release|x64
		{E98C137F-BBCC-47A8-BEE7-EFE3D11334C1}.Release|x64.Build.0 = Release|x64
		{E98C137F-BBCC-47A8-BEE7-EFE3D11334C1}.Release|x86.ActiveCfg = Release|Win32
		{E98C137F-BBCC-47A8-BEE7-EFE3D11334C1}.Release|x86.Build.0 = Release|Win32
		{D32E0E06-FD84-4211-B0AB-E877DD648F5E}.Debug|x64.ActiveCfg = Debug|x64
		{D32E0E06-FD84-4211-B0AB-E877DD648F5E}.Debug|x64.Build.0 = Debug|x64
		{D32E0E06-FD84-4211-B0AB-E877DD648F5E}.Debug|x86.ActiveCfg = Debug|Win32
		{D32E0E06-FD84-4211-B0AB-E877DD648F5E}.Debug|x86.Build.0 = Debug|Win32
		{D32E0E06-FD84-4211-B0AB-E877DD648F5E}.Release|x64.ActiveCfg = Release|x64
		{D32E0E06-FD84-4211-B0AB-E877DD648F5E}.Release|x64.Build.0 = Release|x64
		{D32E0E06-FD84-4211-B0AB-E877DD648F5E}.Release|x86.ActiveCfg = Release|Win32
		{D32E0E06-FD84-4211-B0AB-E877DD648F5E}.Release|x86.Build.0 = Release|Win32
		{68297F68-7A56-49BA-90F1-507EF2BF3ACF}.Debug|x64.ActiveCfg = Debug|x64
		{68297F68-7A56-49BA-90F1-507EF2BF3ACF}.Debug|x64.Build.0 = Debug|x64
		{68297F68-7A56-49BA-90F1-507EF2BF3ACF}.Debug|x86.ActiveCfg = Debug|Win32
		{68297F68-7A56-49BA-90F1-507EF2BF3ACF}.Debug|x86.Build.0 = Debug|Win32
		{68297F68-7A56-49BA-90F1-507EF2BF3ACF}.Release|x64.ActiveCfg = Release|x64
		{68297F68-7A56-49BA-90F1-507EF2BF3ACF}.Release|x64.Build.0 = Release|x64
		{68297F68-7A56-49BA-90F1-507EF2BF3ACF}.Release|x86.ActiveCfg = Release|Win32
		{68297F68-7A56-49BA-90F1-507EF2BF3ACF}.Release|x86.Build.0 = Release|Win32
		{684931CB-DA27-4730-800F-0CB69EC78E1E}.Debug|x64.ActiveCfg = Debug|x64
		{684931CB-DA27-4730-800F-0CB69EC78E1E}.Debug|x64.Build.0 = Debug|x64
		{684931CB-DA27-4730-800F-0CB69EC78E1E}.Debug|x86.ActiveCfg = Debug|Win32
		{684931CB-DA27-4730-800F-0CB69EC78E1E}.Debug|x86.Build.0 = Debug|Win32
		{684931CB-DA27-4730-800F-0CB69EC78E1E}.Release|x64.ActiveCfg = Release|x64
		{684931CB-DA27-4730-800F-0CB69EC78E1E}.Release|x64.Build.0 = Release|x64
		{684931CB-DA27-4730-800F-0CB69EC78E1E}.Release|x86.ActiveCfg = Release|Win32
		{684931CB-DA27-4730-800F-0CB69EC78E1E}.Release|x86.Build.0 = Release|Win32
		{50BF3DC8-55FD-4FBE-903D-350B00FDA7E9}.Debug|x64.ActiveCfg = Debug|x64
		{50BF3DC8-55FD-4FBE-903D-350B00FDA7E9}.Debug|x64.Build.0 = Debug|x64
		{50BF3DC8-55FD-4FBE-903D-350B00FDA7E9}.Debug|x86.ActiveCfg = Debug|Win32
		{50BF3DC8-55FD-4FBE-903D-350B00FDA7E9}.Debug|x86.Build.0 = Debug|Win32
		{50BF3DC8-55FD-4FBE-903D-350B00FDA7E9}.Release|x64.ActiveCfg = Release|x64
		{50BF3DC8-55FD-4FBE-903D-350B00FDA7E9}.Release|x64.Build.0 = Release|x64
		{50BF3DC8-55FD-4FBE-903D-350B00FDA7E9}.Release|x86.ActiveCfg = Release|Win32
		{50BF3DC8-55FD-4FBE-903D-350B00FDA7E9}.Release|x86.Build.0 = Release|Win32
		{2D46596E-4886-4F13-8254-09DA15E5F878}.Debug|x64.ActiveCfg = Debug|x64
		{2D46596E-4886-4F13-8254-09DA15E5F878}.Debug|x64.Build.0 = Debug|x64
		{2D46596E-4886-4F13-8254-09DA15E5F878}.Debug|x86.ActiveCfg = Debug|Win32
		{2D46596E-4886-4F13-8254-09DA15E5F878}.Debug|x86.Build.0 = Debug|Win32
		{2D46596E-4886-4F13-8254-09DA15E5F878}.Release|x64.ActiveCfg = Release|x64
		{2D46596E-4886-4F13-8254-09DA15E5F878}.Release|x64.Build.0 = Release|x64
		{2D46596E-4886-4F13-8254-09DA15E5F878}.Release|x86.ActiveCfg = Release|Win32
		{2D46596E-4886-4F13-8254-09DA15E5F878}.Release|x86.Build.0 = Release|Win32
		{8053953E-DD65-4F9D-8891-AE193C337C5F}.Debug|x64.ActiveCfg = Debug|x64
		{8053953E-DD65-4F9D-8891-AE193C337C5F}.Debug|x64.Build.0 = Debug|x64
		{8053953E-DD65-4F9D-8891-AE193C337C5F}.Debug|x86.ActiveCfg = Debug|Win32
		{8053953E-DD65-4F9D-8891-AE193C337C5F}.Debug|x86.Build.0 = Debug|Win32
		{8053953E-DD65-4F9D-8891-AE193C337C5F}.Release|x64.ActiveCfg = Release|x64
		{8053953E-DD65-4F9D-8891-AE193C337C5F}.Release|x64.Build.0 = Release|x64
		{8053953E-DD65-4F9D-8891-AE193C337C5F}.Release|x86.ActiveCfg = Release|Win32
		{8053953E-DD65-4F9D-8891-AE193C337C5F}.Release|x86.Build.0 = Release|Win32
		{05281445-567F-44CF-9D70-3F86FE7A539B}.Debug|x64.ActiveCfg = Debug|x64
		{05281445-567F-44CF-9D70-3F86FE7A539B}.Debug|x64.Build.0 = Debug|x64
		{05281445-567F-44CF-9D70-3F86FE7A539B}.Debug|x86.ActiveCfg = Debug|Win32
		{05281445-567F-44CF-9D70-3F86FE7A539B}.Debug|x86.Build.0 = Debug|Win32
		{05281445-567F-44CF-9D70-3F86FE7A539B}.Release|x64.ActiveCfg = Release|x64
		{05281445-567F-44CF-9D70-3F86FE7A539B}.Release|x64.Build.0 = Release|x64
		{05281445-567F-44CF-9D70-3F86FE7A539B}.Release|x86.ActiveCfg = Release|Win32
		{05281445-567F-44CF-9D70-3F86FE7A539B}.Release|x86.Build.0 = Release|Win32
		{70831303-67DB-4BE3-81A4-E700B85FBD02}.Debug|x64.ActiveCfg = Debug|x64
		{70831303-67DB-4BE3-81A4-E700B85FBD02}.Debug|x64.Build.0 = Debug|x64
		{70831303-67DB-4BE3-81A4-E700B85FBD02}.Debug|x86.ActiveCfg = Debug|Win32
		{70831303-67DB-4BE3-81A4-E700B85FBD02}.Debug|x86.Build.0 = Debug|Win32
		{70831303-67DB-4BE3-81A4-E700B85FBD02}.Release|x64.ActiveCfg = Release|x64
		{70831303-67DB-4BE3-81A4-E700B85FBD02}.Release|x64.Build.0 = Release|x64
		{70831303-67DB-4BE3-81A4-E700B85FBD02}.Release|x86.ActiveCfg = Release|Win32
		{70831303-67DB-4BE3-81A4-E700B85FBD02}.Release|x86.Build.0 = Release|Win32
		{65A8813C-27C8-4CC9-85D4-8B39166EC6A9}.Debug|x64.ActiveCfg = Debug|x64
		{65A8813C-27C8-4CC9-85D4-8B39166EC6A9}.Debug|x64.Build.0 = Debug|x64
		{65A8813C-27C8-4CC9-85D4-8B39166EC6A9}.Debug|x86.ActiveCfg = Debug|Win32
		{65A8813C-27C8-4CC9-85D4-8B39166EC6A9}.Debug|x86.Build.0 = Debug|Win32
		{65A8813C-27C8-4CC9-85D4-8B39166EC6A9}.Release|x64.ActiveCfg = Release|x64
		{65A8813C-27C8-4CC9-85D4-8B39166EC6A9}.Release|x64.Build.0 = Release|x64
		{65A8813C-27C8-4CC9-85D4-8B39166EC6A9}.Release|x86.ActiveCfg = Release|Win32
		{65A8813C-27C8-4CC9-85D4-8B39166EC6A9}.Release|x86.Build.0 = Release|Win32
		{FA82A3D7-3FE2-41C4-9408-CA5DB31CC5B3}.Debug|x64.ActiveCfg = Debug|x64
		{FA82A3D7-3FE2-41C4-9408-CA5DB31CC5B3}.Debug|x64.Build.0 = Debug|x64
		{FA82A3D7-3FE2-41C4-9408-CA5DB31CC5B3}.Debug|x86.ActiveCfg = Debug|Win32
		{FA82A3D7-3FE2-41C4-9408-CA5DB31CC5B3}.Debug|x86.Build.0 = Debug|Win32
		{FA82A3D7-3FE2-41C4-9408-CA5DB31CC5B3}.Release|x64.ActiveCfg = Release|x64
		{FA82A3D7-3FE2-41C4-9408-CA5DB31CC5B3}.Release|x64.Build.0 = Release|x64
		{FA82A3D7-3FE2-41C4-9408-CA5DB31CC5B3}.Release|x86.ActiveCfg = Release|Win32
		{FA82A3D7-3FE2-41C4-9408-CA5DB31CC5B3}.Release|x86.Build.0 = Release|Win32
		{08DF6E1C-7728-4DCF-A6AA-7E0DAD50DE44}.Debug|x64.ActiveCfg = Debug|x64
		{08DF6E1C-7728-4DCF-A6AA-7E0DAD50DE44}.Debug|x64.Build.0 = Debug|x64
		{08DF6E1C-7728-4DCF-A6AA-7E0DAD50DE44}.Debug|x86.ActiveCfg = Debug|Win32
		{08DF6E1C-7728-4DCF-A6AA-7E0DAD50DE44}.Debug|x86.Build.0 = Debug|Win32
		{08DF6E1C-7728-4DCF-A6AA-7E0DAD50DE44}.Release|x64.ActiveCfg = Release|x64
		{08DF6E1C-7728-4DCF-A6AA-7E0DAD50DE44}.Release|x64.Build.0 = Release|x64
		{08DF6E1C-7728-4DCF-A6AA-7E0DAD50DE44}.Release|x86.ActiveCfg = Release|Win32
		{08DF6E1C-7728-4DCF-A6AA-7E0DAD50DE44}.Release|x86.Build.0 = Release|Win32
		{D102D8EA-F252-439C-963C-C25F9FE51165}.Debug|x64.ActiveCfg = Debug|x64
		{D102D8EA-F252-439C-963C-C25F9FE51165}.Debug|x64.Build.0 = Debug|x64
		{D102D8EA-F252-439C-963C-C25F9FE51165}.Debug|x86.ActiveCfg = Debug|Win32
		{D102D8EA-F252-439C-963C-C25F9FE51165}.Debug|x86.Build.0 = Debug|Win32
		{D102D8EA-F252-439C-963C-C25F9FE51165}.Release|x64.ActiveCfg = Release|x64
		{D102D8EA-F252-439C-963C-C25F9FE51165}.Release|x64.Build.0 = Release|x64
		{D102D8EA-F252-439C-963C-C25F9FE51165}.Release|x86.ActiveCfg = Release|Win32
		{D102D8EA-F252-439C-963C-C25F9FE51165}.Release|x86.Build.0 = Release|Win32
		{04E3435B-BBF5-4566-872B-8AED69B703BC}.Debug|x64.ActiveCfg = Debug|x64
		{04E3435B-BBF5-4566-872B-8AED69B703BC}.Debug|x64.Build.0 = Debug|x64
		{04E3435B-BBF5-4566-872B-8AED69B703BC}.Debug|x86.ActiveCfg = Debug|Win32
		{04E3435B-BBF5-4566-872B-8AED69B703BC}.Debug|x86.Build.0 = Debug|Win32
		{04E3435B-BBF5-4566-872B-8AED69B703BC}.Release|x64.ActiveCfg = Release|x64
		{04E3435B-BBF5-4566-872B-8AED69B703BC}.Release|x64.Build.0 = Release|x64
		{04E3435B-BBF5-4566-872B-8AED69B703BC}.Release|x86.ActiveCfg = Release|Win32
		{04E3435B-BBF5-4566-872B-8AED69B703BC}.Release|x86.Build.0 = Release|Win32
		{CE1CCC4C-9DEC-4F3F-B96B-8D8D45CE8432}.Debug|x64.ActiveCfg = Debug|x64
		{CE1CCC4C-9DEC-4F3F-B96B-8D8D45CE8432}.Debug|x64.Build.0 = Debug|x64
		{CE1CCC4C-9DEC-4F3F-B96B-8D8D45CE8432}.Debug|x86.ActiveCfg = Debug|Win32
		{CE1CCC4C-9DEC-4F3F-B96B-8D8D45CE8432}.Debug|x86.Build.0 = Debug|Win32
		{CE1CCC4C-9DEC-4F3F-B96B-8D8D45CE8432}.Release|x64.ActiveCfg = Release|x64
		{CE1CCC4C-9DEC-4F3F-B96B-8D8D45CE8432}.Release|x64.Build.0 = Release|x64
		{CE1CCC4C-9DEC-4F3F-B96B-8D8D45CE8432}.Release|x86.ActiveCfg = Release|Win32
		{CE1CCC4C-9DEC-4F3F-B96B-8D8D45CE8432}.Release|x86.Build.0 = Release|Win32
	EndGlobalSection
	GlobalSection(SolutionProperties) = preSolution
		HideSolutionNode = FALSE
	EndGlobalSection
	GlobalSection(ExtensibilityGlobals) = postSolution
		SolutionGuid = {238266C0-5C3D-42E2-9431-59D5178EC3D2}
	EndGlobalSection
EndGlobal
