
Microsoft Visual Studio Solution File, Format Version 12.00
# Visual Studio 15
VisualStudioVersion = 15.0.28307.271
MinimumVisualStudioVersion = 10.0.40219.1
Project("{8BC9CEB8-8B4A-11D0-8D11-00A0C91BC942}") = "CodingInterview", "CodingInterview\CodingInterview.vcxproj", "{0A4B454D-2246-4F72-AAE3-F4E35268267C}"
EndProject
Project("{8BC9CEB8-8B4A-11D0-8D11-00A0C91BC942}") = "Algorithm1", "Algorithm1\Algorithm1.vcxproj", "{1F9CEA4E-5B52-4ED4-84B1-3086D19E51C5}"
EndProject
Project("{8BC9CEB8-8B4A-11D0-8D11-00A0C91BC942}") = "Algorithm2", "Algorithm2\Algorithm2.vcxproj", "{DF692C29-567C-4F6B-89A5-B583DF583AB5}"
EndProject
Project("{8BC9CEB8-8B4A-11D0-8D11-00A0C91BC942}") = "Algorithm3", "Algorithm3\Algorithm3.vcxproj", "{A4D6522F-7166-4F74-BBA0-8D29F7BD4819}"
EndProject
Project("{8BC9CEB8-8B4A-11D0-8D11-00A0C91BC942}") = "Algorithm4", "Algorithm4\Algorithm4.vcxproj", "{B0A48F74-B87B-478C-B7C3-81018F668ECB}"
EndProject
Project("{8BC9CEB8-8B4A-11D0-8D11-00A0C91BC942}") = "Algorithm5", "Algorithm5\Algorithm5.vcxproj", "{87DC8C52-F336-4C91-910D-F833AB94B231}"
EndProject
Project("{8BC9CEB8-8B4A-11D0-8D11-00A0C91BC942}") = "Algorithm6", "Algorithm6\Algorithm6.vcxproj", "{72FB49E5-27DB-448D-A752-CA4E7C724C27}"
EndProject
Project("{8BC9CEB8-8B4A-11D0-8D11-00A0C91BC942}") = "Algorithm7", "Algorithm7\Algorithm7.vcxproj", "{688A0622-90FF-4B3B-B27B-D81CB0608239}"
EndProject
Project("{8BC9CEB8-8B4A-11D0-8D11-00A0C91BC942}") = "Algorithm8", "Algorithm8\Algorithm8.vcxproj", "{665113C6-F3A3-4053-9D11-7DA2F580D4AD}"
EndProject
Project("{8BC9CEB8-8B4A-11D0-8D11-00A0C91BC942}") = "Algorithm9", "Algorithm9\Algorithm9.vcxproj", "{86091C93-4F6D-42D3-82DB-AF696E5ABEBF}"
EndProject
Project("{8BC9CEB8-8B4A-11D0-8D11-00A0C91BC942}") = "Algorithm10", "Algorithm10\Algorithm10.vcxproj", "{B4CAEA96-32FB-40D7-BEE7-5B603C6644C5}"
EndProject
Project("{8BC9CEB8-8B4A-11D0-8D11-00A0C91BC942}") = "Algorithm11", "Algorithm11\Algorithm11.vcxproj", "{D1E84C15-C90B-493C-A537-5A638AA017BE}"
EndProject
Project("{8BC9CEB8-8B4A-11D0-8D11-00A0C91BC942}") = "Algorithm12", "Algorithm12\Algorithm12.vcxproj", "{62E7D88D-37B9-4203-BBE0-48352A888DDC}"
EndProject
Global
	GlobalSection(SolutionConfigurationPlatforms) = preSolution
		Debug|x64 = Debug|x64
		Debug|x86 = Debug|x86
		Release|x64 = Release|x64
		Release|x86 = Release|x86
	EndGlobalSection
	GlobalSection(ProjectConfigurationPlatforms) = postSolution
		{0A4B454D-2246-4F72-AAE3-F4E35268267C}.Debug|x64.ActiveCfg = Debug|x64
		{0A4B454D-2246-4F72-AAE3-F4E35268267C}.Debug|x64.Build.0 = Debug|x64
		{0A4B454D-2246-4F72-AAE3-F4E35268267C}.Debug|x86.ActiveCfg = Debug|Win32
		{0A4B454D-2246-4F72-AAE3-F4E35268267C}.Debug|x86.Build.0 = Debug|Win32
		{0A4B454D-2246-4F72-AAE3-F4E35268267C}.Release|x64.ActiveCfg = Release|x64
		{0A4B454D-2246-4F72-AAE3-F4E35268267C}.Release|x64.Build.0 = Release|x64
		{0A4B454D-2246-4F72-AAE3-F4E35268267C}.Release|x86.ActiveCfg = Release|Win32
		{0A4B454D-2246-4F72-AAE3-F4E35268267C}.Release|x86.Build.0 = Release|Win32
		{1F9CEA4E-5B52-4ED4-84B1-3086D19E51C5}.Debug|x64.ActiveCfg = Debug|x64
		{1F9CEA4E-5B52-4ED4-84B1-3086D19E51C5}.Debug|x64.Build.0 = Debug|x64
		{1F9CEA4E-5B52-4ED4-84B1-3086D19E51C5}.Debug|x86.ActiveCfg = Debug|Win32
		{1F9CEA4E-5B52-4ED4-84B1-3086D19E51C5}.Debug|x86.Build.0 = Debug|Win32
		{1F9CEA4E-5B52-4ED4-84B1-3086D19E51C5}.Release|x64.ActiveCfg = Release|x64
		{1F9CEA4E-5B52-4ED4-84B1-3086D19E51C5}.Release|x64.Build.0 = Release|x64
		{1F9CEA4E-5B52-4ED4-84B1-3086D19E51C5}.Release|x86.ActiveCfg = Release|Win32
		{1F9CEA4E-5B52-4ED4-84B1-3086D19E51C5}.Release|x86.Build.0 = Release|Win32
		{DF692C29-567C-4F6B-89A5-B583DF583AB5}.Debug|x64.ActiveCfg = Debug|x64
		{DF692C29-567C-4F6B-89A5-B583DF583AB5}.Debug|x64.Build.0 = Debug|x64
		{DF692C29-567C-4F6B-89A5-B583DF583AB5}.Debug|x86.ActiveCfg = Debug|Win32
		{DF692C29-567C-4F6B-89A5-B583DF583AB5}.Debug|x86.Build.0 = Debug|Win32
		{DF692C29-567C-4F6B-89A5-B583DF583AB5}.Release|x64.ActiveCfg = Release|x64
		{DF692C29-567C-4F6B-89A5-B583DF583AB5}.Release|x64.Build.0 = Release|x64
		{DF692C29-567C-4F6B-89A5-B583DF583AB5}.Release|x86.ActiveCfg = Release|Win32
		{DF692C29-567C-4F6B-89A5-B583DF583AB5}.Release|x86.Build.0 = Release|Win32
		{A4D6522F-7166-4F74-BBA0-8D29F7BD4819}.Debug|x64.ActiveCfg = Debug|x64
		{A4D6522F-7166-4F74-BBA0-8D29F7BD4819}.Debug|x64.Build.0 = Debug|x64
		{A4D6522F-7166-4F74-BBA0-8D29F7BD4819}.Debug|x86.ActiveCfg = Debug|Win32
		{A4D6522F-7166-4F74-BBA0-8D29F7BD4819}.Debug|x86.Build.0 = Debug|Win32
		{A4D6522F-7166-4F74-BBA0-8D29F7BD4819}.Release|x64.ActiveCfg = Release|x64
		{A4D6522F-7166-4F74-BBA0-8D29F7BD4819}.Release|x64.Build.0 = Release|x64
		{A4D6522F-7166-4F74-BBA0-8D29F7BD4819}.Release|x86.ActiveCfg = Release|Win32
		{A4D6522F-7166-4F74-BBA0-8D29F7BD4819}.Release|x86.Build.0 = Release|Win32
		{B0A48F74-B87B-478C-B7C3-81018F668ECB}.Debug|x64.ActiveCfg = Debug|x64
		{B0A48F74-B87B-478C-B7C3-81018F668ECB}.Debug|x64.Build.0 = Debug|x64
		{B0A48F74-B87B-478C-B7C3-81018F668ECB}.Debug|x86.ActiveCfg = Debug|Win32
		{B0A48F74-B87B-478C-B7C3-81018F668ECB}.Debug|x86.Build.0 = Debug|Win32
		{B0A48F74-B87B-478C-B7C3-81018F668ECB}.Release|x64.ActiveCfg = Release|x64
		{B0A48F74-B87B-478C-B7C3-81018F668ECB}.Release|x64.Build.0 = Release|x64
		{B0A48F74-B87B-478C-B7C3-81018F668ECB}.Release|x86.ActiveCfg = Release|Win32
		{B0A48F74-B87B-478C-B7C3-81018F668ECB}.Release|x86.Build.0 = Release|Win32
		{87DC8C52-F336-4C91-910D-F833AB94B231}.Debug|x64.ActiveCfg = Debug|x64
		{87DC8C52-F336-4C91-910D-F833AB94B231}.Debug|x64.Build.0 = Debug|x64
		{87DC8C52-F336-4C91-910D-F833AB94B231}.Debug|x86.ActiveCfg = Debug|Win32
		{87DC8C52-F336-4C91-910D-F833AB94B231}.Debug|x86.Build.0 = Debug|Win32
		{87DC8C52-F336-4C91-910D-F833AB94B231}.Release|x64.ActiveCfg = Release|x64
		{87DC8C52-F336-4C91-910D-F833AB94B231}.Release|x64.Build.0 = Release|x64
		{87DC8C52-F336-4C91-910D-F833AB94B231}.Release|x86.ActiveCfg = Release|Win32
		{87DC8C52-F336-4C91-910D-F833AB94B231}.Release|x86.Build.0 = Release|Win32
		{72FB49E5-27DB-448D-A752-CA4E7C724C27}.Debug|x64.ActiveCfg = Debug|x64
		{72FB49E5-27DB-448D-A752-CA4E7C724C27}.Debug|x64.Build.0 = Debug|x64
		{72FB49E5-27DB-448D-A752-CA4E7C724C27}.Debug|x86.ActiveCfg = Debug|Win32
		{72FB49E5-27DB-448D-A752-CA4E7C724C27}.Debug|x86.Build.0 = Debug|Win32
		{72FB49E5-27DB-448D-A752-CA4E7C724C27}.Release|x64.ActiveCfg = Release|x64
		{72FB49E5-27DB-448D-A752-CA4E7C724C27}.Release|x64.Build.0 = Release|x64
		{72FB49E5-27DB-448D-A752-CA4E7C724C27}.Release|x86.ActiveCfg = Release|Win32
		{72FB49E5-27DB-448D-A752-CA4E7C724C27}.Release|x86.Build.0 = Release|Win32
		{688A0622-90FF-4B3B-B27B-D81CB0608239}.Debug|x64.ActiveCfg = Debug|x64
		{688A0622-90FF-4B3B-B27B-D81CB0608239}.Debug|x64.Build.0 = Debug|x64
		{688A0622-90FF-4B3B-B27B-D81CB0608239}.Debug|x86.ActiveCfg = Debug|Win32
		{688A0622-90FF-4B3B-B27B-D81CB0608239}.Debug|x86.Build.0 = Debug|Win32
		{688A0622-90FF-4B3B-B27B-D81CB0608239}.Release|x64.ActiveCfg = Release|x64
		{688A0622-90FF-4B3B-B27B-D81CB0608239}.Release|x64.Build.0 = Release|x64
		{688A0622-90FF-4B3B-B27B-D81CB0608239}.Release|x86.ActiveCfg = Release|Win32
		{688A0622-90FF-4B3B-B27B-D81CB0608239}.Release|x86.Build.0 = Release|Win32
		{665113C6-F3A3-4053-9D11-7DA2F580D4AD}.Debug|x64.ActiveCfg = Debug|x64
		{665113C6-F3A3-4053-9D11-7DA2F580D4AD}.Debug|x64.Build.0 = Debug|x64
		{665113C6-F3A3-4053-9D11-7DA2F580D4AD}.Debug|x86.ActiveCfg = Debug|Win32
		{665113C6-F3A3-4053-9D11-7DA2F580D4AD}.Debug|x86.Build.0 = Debug|Win32
		{665113C6-F3A3-4053-9D11-7DA2F580D4AD}.Release|x64.ActiveCfg = Release|x64
		{665113C6-F3A3-4053-9D11-7DA2F580D4AD}.Release|x64.Build.0 = Release|x64
		{665113C6-F3A3-4053-9D11-7DA2F580D4AD}.Release|x86.ActiveCfg = Release|Win32
		{665113C6-F3A3-4053-9D11-7DA2F580D4AD}.Release|x86.Build.0 = Release|Win32
		{86091C93-4F6D-42D3-82DB-AF696E5ABEBF}.Debug|x64.ActiveCfg = Debug|x64
		{86091C93-4F6D-42D3-82DB-AF696E5ABEBF}.Debug|x64.Build.0 = Debug|x64
		{86091C93-4F6D-42D3-82DB-AF696E5ABEBF}.Debug|x86.ActiveCfg = Debug|Win32
		{86091C93-4F6D-42D3-82DB-AF696E5ABEBF}.Debug|x86.Build.0 = Debug|Win32
		{86091C93-4F6D-42D3-82DB-AF696E5ABEBF}.Release|x64.ActiveCfg = Release|x64
		{86091C93-4F6D-42D3-82DB-AF696E5ABEBF}.Release|x64.Build.0 = Release|x64
		{86091C93-4F6D-42D3-82DB-AF696E5ABEBF}.Release|x86.ActiveCfg = Release|Win32
		{86091C93-4F6D-42D3-82DB-AF696E5ABEBF}.Release|x86.Build.0 = Release|Win32
		{B4CAEA96-32FB-40D7-BEE7-5B603C6644C5}.Debug|x64.ActiveCfg = Debug|x64
		{B4CAEA96-32FB-40D7-BEE7-5B603C6644C5}.Debug|x64.Build.0 = Debug|x64
		{B4CAEA96-32FB-40D7-BEE7-5B603C6644C5}.Debug|x86.ActiveCfg = Debug|Win32
		{B4CAEA96-32FB-40D7-BEE7-5B603C6644C5}.Debug|x86.Build.0 = Debug|Win32
		{B4CAEA96-32FB-40D7-BEE7-5B603C6644C5}.Release|x64.ActiveCfg = Release|x64
		{B4CAEA96-32FB-40D7-BEE7-5B603C6644C5}.Release|x64.Build.0 = Release|x64
		{B4CAEA96-32FB-40D7-BEE7-5B603C6644C5}.Release|x86.ActiveCfg = Release|Win32
		{B4CAEA96-32FB-40D7-BEE7-5B603C6644C5}.Release|x86.Build.0 = Release|Win32
		{D1E84C15-C90B-493C-A537-5A638AA017BE}.Debug|x64.ActiveCfg = Debug|x64
		{D1E84C15-C90B-493C-A537-5A638AA017BE}.Debug|x64.Build.0 = Debug|x64
		{D1E84C15-C90B-493C-A537-5A638AA017BE}.Debug|x86.ActiveCfg = Debug|Win32
		{D1E84C15-C90B-493C-A537-5A638AA017BE}.Debug|x86.Build.0 = Debug|Win32
		{D1E84C15-C90B-493C-A537-5A638AA017BE}.Release|x64.ActiveCfg = Release|x64
		{D1E84C15-C90B-493C-A537-5A638AA017BE}.Release|x64.Build.0 = Release|x64
		{D1E84C15-C90B-493C-A537-5A638AA017BE}.Release|x86.ActiveCfg = Release|Win32
		{D1E84C15-C90B-493C-A537-5A638AA017BE}.Release|x86.Build.0 = Release|Win32
		{62E7D88D-37B9-4203-BBE0-48352A888DDC}.Debug|x64.ActiveCfg = Debug|x64
		{62E7D88D-37B9-4203-BBE0-48352A888DDC}.Debug|x64.Build.0 = Debug|x64
		{62E7D88D-37B9-4203-BBE0-48352A888DDC}.Debug|x86.ActiveCfg = Debug|Win32
		{62E7D88D-37B9-4203-BBE0-48352A888DDC}.Debug|x86.Build.0 = Debug|Win32
		{62E7D88D-37B9-4203-BBE0-48352A888DDC}.Release|x64.ActiveCfg = Release|x64
		{62E7D88D-37B9-4203-BBE0-48352A888DDC}.Release|x64.Build.0 = Release|x64
		{62E7D88D-37B9-4203-BBE0-48352A888DDC}.Release|x86.ActiveCfg = Release|Win32
		{62E7D88D-37B9-4203-BBE0-48352A888DDC}.Release|x86.Build.0 = Release|Win32
	EndGlobalSection
	GlobalSection(SolutionProperties) = preSolution
		HideSolutionNode = FALSE
	EndGlobalSection
	GlobalSection(ExtensibilityGlobals) = postSolution
		SolutionGuid = {238266C0-5C3D-42E2-9431-59D5178EC3D2}
	EndGlobalSection
EndGlobal
